// !$*UTF8*$!
{
	archiveVersion = 1;
	classes = {
	};
	objectVersion = 55;
	objects = {

/* Begin PBXBuildFile section */
		04D00D4F27FA64E3006A1BCF /* AppDelegate.swift in Sources */ = {isa = PBXBuildFile; fileRef = 04D00D4E27FA64E3006A1BCF /* AppDelegate.swift */; };
		04D00D5127FA64E3006A1BCF /* SceneDelegate.swift in Sources */ = {isa = PBXBuildFile; fileRef = 04D00D5027FA64E3006A1BCF /* SceneDelegate.swift */; };
		04D00D5327FA64E3006A1BCF /* ViewController.swift in Sources */ = {isa = PBXBuildFile; fileRef = 04D00D5227FA64E3006A1BCF /* ViewController.swift */; };
		04D00D5627FA64E3006A1BCF /* Main.storyboard in Resources */ = {isa = PBXBuildFile; fileRef = 04D00D5427FA64E3006A1BCF /* Main.storyboard */; };
		04D00D5827FA64E6006A1BCF /* Assets.xcassets in Resources */ = {isa = PBXBuildFile; fileRef = 04D00D5727FA64E6006A1BCF /* Assets.xcassets */; };
		04D00D5B27FA64E6006A1BCF /* LaunchScreen.storyboard in Resources */ = {isa = PBXBuildFile; fileRef = 04D00D5927FA64E6006A1BCF /* LaunchScreen.storyboard */; };
		04D00D6627FA64E7006A1BCF /* MVVMTests.swift in Sources */ = {isa = PBXBuildFile; fileRef = 04D00D6527FA64E7006A1BCF /* MVVMTests.swift */; };
		04D00D7027FA64E7006A1BCF /* MVVMUITests.swift in Sources */ = {isa = PBXBuildFile; fileRef = 04D00D6F27FA64E7006A1BCF /* MVVMUITests.swift */; };
		04D00D7227FA64E7006A1BCF /* MVVMUITestsLaunchTests.swift in Sources */ = {isa = PBXBuildFile; fileRef = 04D00D7127FA64E7006A1BCF /* MVVMUITestsLaunchTests.swift */; };
/* End PBXBuildFile section */

/* Begin PBXContainerItemProxy section */
		04D00D6227FA64E7006A1BCF /* PBXContainerItemProxy */ = {
			isa = PBXContainerItemProxy;
			containerPortal = 04D00D4327FA64E3006A1BCF /* Project object */;
			proxyType = 1;
			remoteGlobalIDString = 04D00D4A27FA64E3006A1BCF;
			remoteInfo = MVVM;
		};
		04D00D6C27FA64E7006A1BCF /* PBXContainerItemProxy */ = {
			isa = PBXContainerItemProxy;
			containerPortal = 04D00D4327FA64E3006A1BCF /* Project object */;
			proxyType = 1;
			remoteGlobalIDString = 04D00D4A27FA64E3006A1BCF;
			remoteInfo = MVVM;
		};
/* End PBXContainerItemProxy section */

/* Begin PBXFileReference section */
		04D00D4B27FA64E3006A1BCF /* MVVM.app */ = {isa = PBXFileReference; explicitFileType = wrapper.application; includeInIndex = 0; path = MVVM.app; sourceTree = BUILT_PRODUCTS_DIR; };
		04D00D4E27FA64E3006A1BCF /* AppDelegate.swift */ = {isa = PBXFileReference; lastKnownFileType = sourcecode.swift; path = AppDelegate.swift; sourceTree = "<group>"; };
		04D00D5027FA64E3006A1BCF /* SceneDelegate.swift */ = {isa = PBXFileReference; lastKnownFileType = sourcecode.swift; path = SceneDelegate.swift; sourceTree = "<group>"; };
		04D00D5227FA64E3006A1BCF /* ViewController.swift */ = {isa = PBXFileReference; lastKnownFileType = sourcecode.swift; path = ViewController.swift; sourceTree = "<group>"; };
		04D00D5527FA64E3006A1BCF /* Base */ = {isa = PBXFileReference; lastKnownFileType = file.storyboard; name = Base; path = Base.lproj/Main.storyboard; sourceTree = "<group>"; };
		04D00D5727FA64E6006A1BCF /* Assets.xcassets */ = {isa = PBXFileReference; lastKnownFileType = folder.assetcatalog; path = Assets.xcassets; sourceTree = "<group>"; };
		04D00D5A27FA64E6006A1BCF /* Base */ = {isa = PBXFileReference; lastKnownFileType = file.storyboard; name = Base; path = Base.lproj/LaunchScreen.storyboard; sourceTree = "<group>"; };
		04D00D5C27FA64E6006A1BCF /* Info.plist */ = {isa = PBXFileReference; lastKnownFileType = text.plist.xml; path = Info.plist; sourceTree = "<group>"; };
		04D00D6127FA64E7006A1BCF /* MVVMTests.xctest */ = {isa = PBXFileReference; explicitFileType = wrapper.cfbundle; includeInIndex = 0; path = MVVMTests.xctest; sourceTree = BUILT_PRODUCTS_DIR; };
		04D00D6527FA64E7006A1BCF /* MVVMTests.swift */ = {isa = PBXFileReference; lastKnownFileType = sourcecode.swift; path = MVVMTests.swift; sourceTree = "<group>"; };
		04D00D6B27FA64E7006A1BCF /* MVVMUITests.xctest */ = {isa = PBXFileReference; explicitFileType = wrapper.cfbundle; includeInIndex = 0; path = MVVMUITests.xctest; sourceTree = BUILT_PRODUCTS_DIR; };
		04D00D6F27FA64E7006A1BCF /* MVVMUITests.swift */ = {isa = PBXFileReference; lastKnownFileType = sourcecode.swift; path = MVVMUITests.swift; sourceTree = "<group>"; };
		04D00D7127FA64E7006A1BCF /* MVVMUITestsLaunchTests.swift */ = {isa = PBXFileReference; lastKnownFileType = sourcecode.swift; path = MVVMUITestsLaunchTests.swift; sourceTree = "<group>"; };
/* End PBXFileReference section */

/* Begin PBXFrameworksBuildPhase section */
		04D00D4827FA64E3006A1BCF /* Frameworks */ = {
			isa = PBXFrameworksBuildPhase;
			buildActionMask = 2147483647;
			files = (
			);
			runOnlyForDeploymentPostprocessing = 0;
		};
		04D00D5E27FA64E7006A1BCF /* Frameworks */ = {
			isa = PBXFrameworksBuildPhase;
			buildActionMask = 2147483647;
			files = (
			);
			runOnlyForDeploymentPostprocessing = 0;
		};
		04D00D6827FA64E7006A1BCF /* Frameworks */ = {
			isa = PBXFrameworksBuildPhase;
			buildActionMask = 2147483647;
			files = (
			);
			runOnlyForDeploymentPostprocessing = 0;
		};
/* End PBXFrameworksBuildPhase section */

/* Begin PBXGroup section */
		04D00D4227FA64E3006A1BCF = {
			isa = PBXGroup;
			children = (
				04D00D4D27FA64E3006A1BCF /* MVVM */,
				04D00D6427FA64E7006A1BCF /* MVVMTests */,
				04D00D6E27FA64E7006A1BCF /* MVVMUITests */,
				04D00D4C27FA64E3006A1BCF /* Products */,
			);
			sourceTree = "<group>";
		};
		04D00D4C27FA64E3006A1BCF /* Products */ = {
			isa = PBXGroup;
			children = (
				04D00D4B27FA64E3006A1BCF /* MVVM.app */,
				04D00D6127FA64E7006A1BCF /* MVVMTests.xctest */,
				04D00D6B27FA64E7006A1BCF /* MVVMUITests.xctest */,
			);
			name = Products;
			sourceTree = "<group>";
		};
		04D00D4D27FA64E3006A1BCF /* MVVM */ = {
			isa = PBXGroup;
			children = (
				04D00D4E27FA64E3006A1BCF /* AppDelegate.swift */,
				04D00D5027FA64E3006A1BCF /* SceneDelegate.swift */,
				04D00D5227FA64E3006A1BCF /* ViewController.swift */,
				04D00D5427FA64E3006A1BCF /* Main.storyboard */,
				04D00D5727FA64E6006A1BCF /* Assets.xcassets */,
				04D00D5927FA64E6006A1BCF /* LaunchScreen.storyboard */,
				04D00D5C27FA64E6006A1BCF /* Info.plist */,
			);
			path = MVVM;
			sourceTree = "<group>";
		};
		04D00D6427FA64E7006A1BCF /* MVVMTests */ = {
			isa = PBXGroup;
			children = (
				04D00D6527FA64E7006A1BCF /* MVVMTests.swift */,
			);
			path = MVVMTests;
			sourceTree = "<group>";
		};
		04D00D6E27FA64E7006A1BCF /* MVVMUITests */ = {
			isa = PBXGroup;
			children = (
				04D00D6F27FA64E7006A1BCF /* MVVMUITests.swift */,
				04D00D7127FA64E7006A1BCF /* MVVMUITestsLaunchTests.swift */,
			);
			path = MVVMUITests;
			sourceTree = "<group>";
		};
/* End PBXGroup section */

/* Begin PBXNativeTarget section */
		04D00D4A27FA64E3006A1BCF /* MVVM */ = {
			isa = PBXNativeTarget;
			buildConfigurationList = 04D00D7527FA64E7006A1BCF /* Build configuration list for PBXNativeTarget "MVVM" */;
			buildPhases = (
				04D00D4727FA64E3006A1BCF /* Sources */,
				04D00D4827FA64E3006A1BCF /* Frameworks */,
				04D00D4927FA64E3006A1BCF /* Resources */,
			);
			buildRules = (
			);
			dependencies = (
			);
			name = MVVM;
			productName = MVVM;
			productReference = 04D00D4B27FA64E3006A1BCF /* MVVM.app */;
			productType = "com.apple.product-type.application";
		};
		04D00D6027FA64E7006A1BCF /* MVVMTests */ = {
			isa = PBXNativeTarget;
			buildConfigurationList = 04D00D7827FA64E7006A1BCF /* Build configuration list for PBXNativeTarget "MVVMTests" */;
			buildPhases = (
				04D00D5D27FA64E7006A1BCF /* Sources */,
				04D00D5E27FA64E7006A1BCF /* Frameworks */,
				04D00D5F27FA64E7006A1BCF /* Resources */,
			);
			buildRules = (
			);
			dependencies = (
				04D00D6327FA64E7006A1BCF /* PBXTargetDependency */,
			);
			name = MVVMTests;
			productName = MVVMTests;
			productReference = 04D00D6127FA64E7006A1BCF /* MVVMTests.xctest */;
			productType = "com.apple.product-type.bundle.unit-test";
		};
		04D00D6A27FA64E7006A1BCF /* MVVMUITests */ = {
			isa = PBXNativeTarget;
			buildConfigurationList = 04D00D7B27FA64E7006A1BCF /* Build configuration list for PBXNativeTarget "MVVMUITests" */;
			buildPhases = (
				04D00D6727FA64E7006A1BCF /* Sources */,
				04D00D6827FA64E7006A1BCF /* Frameworks */,
				04D00D6927FA64E7006A1BCF /* Resources */,
			);
			buildRules = (
			);
			dependencies = (
				04D00D6D27FA64E7006A1BCF /* PBXTargetDependency */,
			);
			name = MVVMUITests;
			productName = MVVMUITests;
			productReference = 04D00D6B27FA64E7006A1BCF /* MVVMUITests.xctest */;
			productType = "com.apple.product-type.bundle.ui-testing";
		};
/* End PBXNativeTarget section */

/* Begin PBXProject section */
		04D00D4327FA64E3006A1BCF /* Project object */ = {
			isa = PBXProject;
			attributes = {
				BuildIndependentTargetsInParallel = 1;
				LastSwiftUpdateCheck = 1320;
				LastUpgradeCheck = 1320;
				TargetAttributes = {
					04D00D4A27FA64E3006A1BCF = {
						CreatedOnToolsVersion = 13.2.1;
					};
					04D00D6027FA64E7006A1BCF = {
						CreatedOnToolsVersion = 13.2.1;
						TestTargetID = 04D00D4A27FA64E3006A1BCF;
					};
					04D00D6A27FA64E7006A1BCF = {
						CreatedOnToolsVersion = 13.2.1;
						TestTargetID = 04D00D4A27FA64E3006A1BCF;
					};
				};
			};
			buildConfigurationList = 04D00D4627FA64E3006A1BCF /* Build configuration list for PBXProject "MVVM" */;
			compatibilityVersion = "Xcode 13.0";
			developmentRegion = en;
			hasScannedForEncodings = 0;
			knownRegions = (
				en,
				Base,
			);
			mainGroup = 04D00D4227FA64E3006A1BCF;
			productRefGroup = 04D00D4C27FA64E3006A1BCF /* Products */;
			projectDirPath = "";
			projectRoot = "";
			targets = (
				04D00D4A27FA64E3006A1BCF /* MVVM */,
				04D00D6027FA64E7006A1BCF /* MVVMTests */,
				04D00D6A27FA64E7006A1BCF /* MVVMUITests */,
			);
		};
/* End PBXProject section */

/* Begin PBXResourcesBuildPhase section */
		04D00D4927FA64E3006A1BCF /* Resources */ = {
			isa = PBXResourcesBuildPhase;
			buildActionMask = 2147483647;
			files = (
				04D00D5B27FA64E6006A1BCF /* LaunchScreen.storyboard in Resources */,
				04D00D5827FA64E6006A1BCF /* Assets.xcassets in Resources */,
				04D00D5627FA64E3006A1BCF /* Main.storyboard in Resources */,
			);
			runOnlyForDeploymentPostprocessing = 0;
		};
		04D00D5F27FA64E7006A1BCF /* Resources */ = {
			isa = PBXResourcesBuildPhase;
			buildActionMask = 2147483647;
			files = (
			);
			runOnlyForDeploymentPostprocessing = 0;
		};
		04D00D6927FA64E7006A1BCF /* Resources */ = {
			isa = PBXResourcesBuildPhase;
			buildActionMask = 2147483647;
			files = (
			);
			runOnlyForDeploymentPostprocessing = 0;
		};
/* End PBXResourcesBuildPhase section */

/* Begin PBXSourcesBuildPhase section */
		04D00D4727FA64E3006A1BCF /* Sources */ = {
			isa = PBXSourcesBuildPhase;
			buildActionMask = 2147483647;
			files = (
				04D00D5327FA64E3006A1BCF /* ViewController.swift in Sources */,
				04D00D4F27FA64E3006A1BCF /* AppDelegate.swift in Sources */,
				04D00D5127FA64E3006A1BCF /* SceneDelegate.swift in Sources */,
			);
			runOnlyForDeploymentPostprocessing = 0;
		};
		04D00D5D27FA64E7006A1BCF /* Sources */ = {
			isa = PBXSourcesBuildPhase;
			buildActionMask = 2147483647;
			files = (
				04D00D6627FA64E7006A1BCF /* MVVMTests.swift in Sources */,
			);
			runOnlyForDeploymentPostprocessing = 0;
		};
		04D00D6727FA64E7006A1BCF /* Sources */ = {
			isa = PBXSourcesBuildPhase;
			buildActionMask = 2147483647;
			files = (
				04D00D7227FA64E7006A1BCF /* MVVMUITestsLaunchTests.swift in Sources */,
				04D00D7027FA64E7006A1BCF /* MVVMUITests.swift in Sources */,
			);
			runOnlyForDeploymentPostprocessing = 0;
		};
/* End PBXSourcesBuildPhase section */

/* Begin PBXTargetDependency section */
		04D00D6327FA64E7006A1BCF /* PBXTargetDependency */ = {
			isa = PBXTargetDependency;
			target = 04D00D4A27FA64E3006A1BCF /* MVVM */;
			targetProxy = 04D00D6227FA64E7006A1BCF /* PBXContainerItemProxy */;
		};
		04D00D6D27FA64E7006A1BCF /* PBXTargetDependency */ = {
			isa = PBXTargetDependency;
			target = 04D00D4A27FA64E3006A1BCF /* MVVM */;
			targetProxy = 04D00D6C27FA64E7006A1BCF /* PBXContainerItemProxy */;
		};
/* End PBXTargetDependency section */

/* Begin PBXVariantGroup section */
		04D00D5427FA64E3006A1BCF /* Main.storyboard */ = {
			isa = PBXVariantGroup;
			children = (
				04D00D5527FA64E3006A1BCF /* Base */,
			);
			name = Main.storyboard;
			sourceTree = "<group>";
		};
		04D00D5927FA64E6006A1BCF /* LaunchScreen.storyboard */ = {
			isa = PBXVariantGroup;
			children = (
				04D00D5A27FA64E6006A1BCF /* Base */,
			);
			name = LaunchScreen.storyboard;
			sourceTree = "<group>";
		};
/* End PBXVariantGroup section */

/* Begin XCBuildConfiguration section */
		04D00D7327FA64E7006A1BCF /* Debug */ = {
			isa = XCBuildConfiguration;
			buildSettings = {
				ALWAYS_SEARCH_USER_PATHS = NO;
				CLANG_ANALYZER_NONNULL = YES;
				CLANG_ANALYZER_NUMBER_OBJECT_CONVERSION = YES_AGGRESSIVE;
				CLANG_CXX_LANGUAGE_STANDARD = "gnu++17";
				CLANG_CXX_LIBRARY = "libc++";
				CLANG_ENABLE_MODULES = YES;
				CLANG_ENABLE_OBJC_ARC = YES;
				CLANG_ENABLE_OBJC_WEAK = YES;
				CLANG_WARN_BLOCK_CAPTURE_AUTORELEASING = YES;
				CLANG_WARN_BOOL_CONVERSION = YES;
				CLANG_WARN_COMMA = YES;
				CLANG_WARN_CONSTANT_CONVERSION = YES;
				CLANG_WARN_DEPRECATED_OBJC_IMPLEMENTATIONS = YES;
				CLANG_WARN_DIRECT_OBJC_ISA_USAGE = YES_ERROR;
				CLANG_WARN_DOCUMENTATION_COMMENTS = YES;
				CLANG_WARN_EMPTY_BODY = YES;
				CLANG_WARN_ENUM_CONVERSION = YES;
				CLANG_WARN_INFINITE_RECURSION = YES;
				CLANG_WARN_INT_CONVERSION = YES;
				CLANG_WARN_NON_LITERAL_NULL_CONVERSION = YES;
				CLANG_WARN_OBJC_IMPLICIT_RETAIN_SELF = YES;
				CLANG_WARN_OBJC_LITERAL_CONVERSION = YES;
				CLANG_WARN_OBJC_ROOT_CLASS = YES_ERROR;
				CLANG_WARN_QUOTED_INCLUDE_IN_FRAMEWORK_HEADER = YES;
				CLANG_WARN_RANGE_LOOP_ANALYSIS = YES;
				CLANG_WARN_STRICT_PROTOTYPES = YES;
				CLANG_WARN_SUSPICIOUS_MOVE = YES;
				CLANG_WARN_UNGUARDED_AVAILABILITY = YES_AGGRESSIVE;
				CLANG_WARN_UNREACHABLE_CODE = YES;
				CLANG_WARN__DUPLICATE_METHOD_MATCH = YES;
				COPY_PHASE_STRIP = NO;
				DEBUG_INFORMATION_FORMAT = dwarf;
				ENABLE_STRICT_OBJC_MSGSEND = YES;
				ENABLE_TESTABILITY = YES;
				GCC_C_LANGUAGE_STANDARD = gnu11;
				GCC_DYNAMIC_NO_PIC = NO;
				GCC_NO_COMMON_BLOCKS = YES;
				GCC_OPTIMIZATION_LEVEL = 0;
				GCC_PREPROCESSOR_DEFINITIONS = (
					"DEBUG=1",
					"$(inherited)",
				);
				GCC_WARN_64_TO_32_BIT_CONVERSION = YES;
				GCC_WARN_ABOUT_RETURN_TYPE = YES_ERROR;
				GCC_WARN_UNDECLARED_SELECTOR = YES;
				GCC_WARN_UNINITIALIZED_AUTOS = YES_AGGRESSIVE;
				GCC_WARN_UNUSED_FUNCTION = YES;
				GCC_WARN_UNUSED_VARIABLE = YES;
				IPHONEOS_DEPLOYMENT_TARGET = 15.2;
				MTL_ENABLE_DEBUG_INFO = INCLUDE_SOURCE;
				MTL_FAST_MATH = YES;
				ONLY_ACTIVE_ARCH = YES;
				SDKROOT = iphoneos;
				SWIFT_ACTIVE_COMPILATION_CONDITIONS = DEBUG;
				SWIFT_OPTIMIZATION_LEVEL = "-Onone";
			};
			name = Debug;
		};
		04D00D7427FA64E7006A1BCF /* Release */ = {
			isa = XCBuildConfiguration;
			buildSettings = {
				ALWAYS_SEARCH_USER_PATHS = NO;
				CLANG_ANALYZER_NONNULL = YES;
				CLANG_ANALYZER_NUMBER_OBJECT_CONVERSION = YES_AGGRESSIVE;
				CLANG_CXX_LANGUAGE_STANDARD = "gnu++17";
				CLANG_CXX_LIBRARY = "libc++";
				CLANG_ENABLE_MODULES = YES;
				CLANG_ENABLE_OBJC_ARC = YES;
				CLANG_ENABLE_OBJC_WEAK = YES;
				CLANG_WARN_BLOCK_CAPTURE_AUTORELEASING = YES;
				CLANG_WARN_BOOL_CONVERSION = YES;
				CLANG_WARN_COMMA = YES;
				CLANG_WARN_CONSTANT_CONVERSION = YES;
				CLANG_WARN_DEPRECATED_OBJC_IMPLEMENTATIONS = YES;
				CLANG_WARN_DIRECT_OBJC_ISA_USAGE = YES_ERROR;
				CLANG_WARN_DOCUMENTATION_COMMENTS = YES;
				CLANG_WARN_EMPTY_BODY = YES;
				CLANG_WARN_ENUM_CONVERSION = YES;
				CLANG_WARN_INFINITE_RECURSION = YES;
				CLANG_WARN_INT_CONVERSION = YES;
				CLANG_WARN_NON_LITERAL_NULL_CONVERSION = YES;
				CLANG_WARN_OBJC_IMPLICIT_RETAIN_SELF = YES;
				CLANG_WARN_OBJC_LITERAL_CONVERSION = YES;
				CLANG_WARN_OBJC_ROOT_CLASS = YES_ERROR;
				CLANG_WARN_QUOTED_INCLUDE_IN_FRAMEWORK_HEADER = YES;
				CLANG_WARN_RANGE_LOOP_ANALYSIS = YES;
				CLANG_WARN_STRICT_PROTOTYPES = YES;
				CLANG_WARN_SUSPICIOUS_MOVE = YES;
				CLANG_WARN_UNGUARDED_AVAILABILITY = YES_AGGRESSIVE;
				CLANG_WARN_UNREACHABLE_CODE = YES;
				CLANG_WARN__DUPLICATE_METHOD_MATCH = YES;
				COPY_PHASE_STRIP = NO;
				DEBUG_INFORMATION_FORMAT = "dwarf-with-dsym";
				ENABLE_NS_ASSERTIONS = NO;
				ENABLE_STRICT_OBJC_MSGSEND = YES;
				GCC_C_LANGUAGE_STANDARD = gnu11;
				GCC_NO_COMMON_BLOCKS = YES;
				GCC_WARN_64_TO_32_BIT_CONVERSION = YES;
				GCC_WARN_ABOUT_RETURN_TYPE = YES_ERROR;
				GCC_WARN_UNDECLARED_SELECTOR = YES;
				GCC_WARN_UNINITIALIZED_AUTOS = YES_AGGRESSIVE;
				GCC_WARN_UNUSED_FUNCTION = YES;
				GCC_WARN_UNUSED_VARIABLE = YES;
				IPHONEOS_DEPLOYMENT_TARGET = 15.2;
				MTL_ENABLE_DEBUG_INFO = NO;
				MTL_FAST_MATH = YES;
				SDKROOT = iphoneos;
				SWIFT_COMPILATION_MODE = wholemodule;
				SWIFT_OPTIMIZATION_LEVEL = "-O";
				VALIDATE_PRODUCT = YES;
			};
			name = Release;
		};
		04D00D7627FA64E7006A1BCF /* Debug */ = {
			isa = XCBuildConfiguration;
			buildSettings = {
				ASSETCATALOG_COMPILER_APPICON_NAME = AppIcon;
				ASSETCATALOG_COMPILER_GLOBAL_ACCENT_COLOR_NAME = AccentColor;
				CODE_SIGN_STYLE = Automatic;
				CURRENT_PROJECT_VERSION = 1;
				GENERATE_INFOPLIST_FILE = YES;
				INFOPLIST_FILE = MVVM/Info.plist;
				INFOPLIST_KEY_UIApplicationSupportsIndirectInputEvents = YES;
				INFOPLIST_KEY_UILaunchStoryboardName = LaunchScreen;
				INFOPLIST_KEY_UIMainStoryboardFile = Main;
				INFOPLIST_KEY_UISupportedInterfaceOrientations_iPad = "UIInterfaceOrientationPortrait UIInterfaceOrientationPortraitUpsideDown UIInterfaceOrientationLandscapeLeft UIInterfaceOrientationLandscapeRight";
				INFOPLIST_KEY_UISupportedInterfaceOrientations_iPhone = "UIInterfaceOrientationPortrait UIInterfaceOrientationLandscapeLeft UIInterfaceOrientationLandscapeRight";
				LD_RUNPATH_SEARCH_PATHS = (
					"$(inherited)",
					"@executable_path/Frameworks",
				);
				MARKETING_VERSION = 1.0;
				PRODUCT_BUNDLE_IDENTIFIER = com.AbdulrahmanAlaa.MVVM;
				PRODUCT_NAME = "$(TARGET_NAME)";
				SWIFT_EMIT_LOC_STRINGS = YES;
				SWIFT_VERSION = 5.0;
				TARGETED_DEVICE_FAMILY = "1,2";
			};
			name = Debug;
		};
		04D00D7727FA64E7006A1BCF /* Release */ = {
			isa = XCBuildConfiguration;
			buildSettings = {
				ASSETCATALOG_COMPILER_APPICON_NAME = AppIcon;
				ASSETCATALOG_COMPILER_GLOBAL_ACCENT_COLOR_NAME = AccentColor;
				CODE_SIGN_STYLE = Automatic;
				CURRENT_PROJECT_VERSION = 1;
				GENERATE_INFOPLIST_FILE = YES;
				INFOPLIST_FILE = MVVM/Info.plist;
				INFOPLIST_KEY_UIApplicationSupportsIndirectInputEvents = YES;
				INFOPLIST_KEY_UILaunchStoryboardName = LaunchScreen;
				INFOPLIST_KEY_UIMainStoryboardFile = Main;
				INFOPLIST_KEY_UISupportedInterfaceOrientations_iPad = "UIInterfaceOrientationPortrait UIInterfaceOrientationPortraitUpsideDown UIInterfaceOrientationLandscapeLeft UIInterfaceOrientationLandscapeRight";
				INFOPLIST_KEY_UISupportedInterfaceOrientations_iPhone = "UIInterfaceOrientationPortrait UIInterfaceOrientationLandscapeLeft UIInterfaceOrientationLandscapeRight";
				LD_RUNPATH_SEARCH_PATHS = (
					"$(inherited)",
					"@executable_path/Frameworks",
				);
				MARKETING_VERSION = 1.0;
				PRODUCT_BUNDLE_IDENTIFIER = com.AbdulrahmanAlaa.MVVM;
				PRODUCT_NAME = "$(TARGET_NAME)";
				SWIFT_EMIT_LOC_STRINGS = YES;
				SWIFT_VERSION = 5.0;
				TARGETED_DEVICE_FAMILY = "1,2";
			};
			name = Release;
		};
		04D00D7927FA64E7006A1BCF /* Debug */ = {
			isa = XCBuildConfiguration;
			buildSettings = {
				ALWAYS_EMBED_SWIFT_STANDARD_LIBRARIES = YES;
				BUNDLE_LOADER = "$(TEST_HOST)";
				CODE_SIGN_STYLE = Automatic;
				CURRENT_PROJECT_VERSION = 1;
				GENERATE_INFOPLIST_FILE = YES;
				IPHONEOS_DEPLOYMENT_TARGET = 15.2;
				MARKETING_VERSION = 1.0;
				PRODUCT_BUNDLE_IDENTIFIER = com.AbdulrahmanAlaa.MVVMTests;
				PRODUCT_NAME = "$(TARGET_NAME)";
				SWIFT_EMIT_LOC_STRINGS = NO;
				SWIFT_VERSION = 5.0;
				TARGETED_DEVICE_FAMILY = "1,2";
				TEST_HOST = "$(BUILT_PRODUCTS_DIR)/MVVM.app/MVVM";
			};
			name = Debug;
		};
		04D00D7A27FA64E7006A1BCF /* Release */ = {
			isa = XCBuildConfiguration;
			buildSettings = {
				ALWAYS_EMBED_SWIFT_STANDARD_LIBRARIES = YES;
				BUNDLE_LOADER = "$(TEST_HOST)";
				CODE_SIGN_STYLE = Automatic;
				CURRENT_PROJECT_VERSION = 1;
				GENERATE_INFOPLIST_FILE = YES;
				IPHONEOS_DEPLOYMENT_TARGET = 15.2;
				MARKETING_VERSION = 1.0;
				PRODUCT_BUNDLE_IDENTIFIER = com.AbdulrahmanAlaa.MVVMTests;
				PRODUCT_NAME = "$(TARGET_NAME)";
				SWIFT_EMIT_LOC_STRINGS = NO;
				SWIFT_VERSION = 5.0;
				TARGETED_DEVICE_FAMILY = "1,2";
				TEST_HOST = "$(BUILT_PRODUCTS_DIR)/MVVM.app/MVVM";
			};
			name = Release;
		};
		04D00D7C27FA64E7006A1BCF /* Debug */ = {
			isa = XCBuildConfiguration;
			buildSettings = {
				ALWAYS_EMBED_SWIFT_STANDARD_LIBRARIES = YES;
				CODE_SIGN_STYLE = Automatic;
				CURRENT_PROJECT_VERSION = 1;
				GENERATE_INFOPLIST_FILE = YES;
				MARKETING_VERSION = 1.0;
				PRODUCT_BUNDLE_IDENTIFIER = com.AbdulrahmanAlaa.MVVMUITests;
				PRODUCT_NAME = "$(TARGET_NAME)";
				SWIFT_EMIT_LOC_STRINGS = NO;
				SWIFT_VERSION = 5.0;
				TARGETED_DEVICE_FAMILY = "1,2";
				TEST_TARGET_NAME = MVVM;
			};
			name = Debug;
		};
		04D00D7D27FA64E7006A1BCF /* Release */ = {
			isa = XCBuildConfiguration;
			buildSettings = {
				ALWAYS_EMBED_SWIFT_STANDARD_LIBRARIES = YES;
				CODE_SIGN_STYLE = Automatic;
				CURRENT_PROJECT_VERSION = 1;
				GENERATE_INFOPLIST_FILE = YES;
				MARKETING_VERSION = 1.0;
				PRODUCT_BUNDLE_IDENTIFIER = com.AbdulrahmanAlaa.MVVMUITests;
				PRODUCT_NAME = "$(TARGET_NAME)";
				SWIFT_EMIT_LOC_STRINGS = NO;
				SWIFT_VERSION = 5.0;
				TARGETED_DEVICE_FAMILY = "1,2";
				TEST_TARGET_NAME = MVVM;
			};
			name = Release;
		};
/* End XCBuildConfiguration section */

/* Begin XCConfigurationList section */
		04D00D4627FA64E3006A1BCF /* Build configuration list for PBXProject "MVVM" */ = {
			isa = XCConfigurationList;
			buildConfigurations = (
				04D00D7327FA64E7006A1BCF /* Debug */,
				04D00D7427FA64E7006A1BCF /* Release */,
			);
			defaultConfigurationIsVisible = 0;
			defaultConfigurationName = Release;
		};
		04D00D7527FA64E7006A1BCF /* Build configuration list for PBXNativeTarget "MVVM" */ = {
			isa = XCConfigurationList;
			buildConfigurations = (
				04D00D7627FA64E7006A1BCF /* Debug */,
				04D00D7727FA64E7006A1BCF /* Release */,
			);
			defaultConfigurationIsVisible = 0;
			defaultConfigurationName = Release;
		};
		04D00D7827FA64E7006A1BCF /* Build configuration list for PBXNativeTarget "MVVMTests" */ = {
			isa = XCConfigurationList;
			buildConfigurations = (
				04D00D7927FA64E7006A1BCF /* Debug */,
				04D00D7A27FA64E7006A1BCF /* Release */,
			);
			defaultConfigurationIsVisible = 0;
			defaultConfigurationName = Release;
		};
		04D00D7B27FA64E7006A1BCF /* Build configuration list for PBXNativeTarget "MVVMUITests" */ = {
			isa = XCConfigurationList;
			buildConfigurations = (
				04D00D7C27FA64E7006A1BCF /* Debug */,
				04D00D7D27FA64E7006A1BCF /* Release */,
			);
			defaultConfigurationIsVisible = 0;
			defaultConfigurationName = Release;
		};
/* End XCConfigurationList section */
	};
	rootObject = 04D00D4327FA64E3006A1BCF /* Project object */;
}
